
Microsoft Visual Studio Solution File, Format Version 11.00
# Visual Studio 2010
Project("{FAE04EC0-301F-11D3-BF4B-00C04F79EFBC}") = "Assembly-CSharp", "Assembly-CSharp.csproj", "{FF76592A-6EA2-5BA0-EF4E-E1D7DBDCE9E2}"
EndProject
Project("{FAE04EC0-301F-11D3-BF4B-00C04F79EFBC}") = "Assembly-CSharp-Editor", "Assembly-CSharp-Editor.csproj", "{B13AA2CF-8775-79AA-E0AA-5C38FABA6DD5}"
EndProject
Global
	GlobalSection(SolutionConfigurationPlatforms) = preSolution
		Debug|Any CPU = Debug|Any CPU
		Release|Any CPU = Release|Any CPU
	EndGlobalSection
	GlobalSection(ProjectConfigurationPlatforms) = postSolution
		{FF76592A-6EA2-5BA0-EF4E-E1D7DBDCE9E2}.Debug|Any CPU.ActiveCfg = Debug|Any CPU
		{FF76592A-6EA2-5BA0-EF4E-E1D7DBDCE9E2}.Debug|Any CPU.Build.0 = Debug|Any CPU
		{FF76592A-6EA2-5BA0-EF4E-E1D7DBDCE9E2}.Release|Any CPU.ActiveCfg = Release|Any CPU
		{FF76592A-6EA2-5BA0-EF4E-E1D7DBDCE9E2}.Release|Any CPU.Build.0 = Release|Any CPU
		{B13AA2CF-8775-79AA-E0AA-5C38FABA6DD5}.Debug|Any CPU.ActiveCfg = Debug|Any CPU
		{B13AA2CF-8775-79AA-E0AA-5C38FABA6DD5}.Debug|Any CPU.Build.0 = Debug|Any CPU
		{B13AA2CF-8775-79AA-E0AA-5C38FABA6DD5}.Release|Any CPU.ActiveCfg = Release|Any CPU
		{B13AA2CF-8775-79AA-E0AA-5C38FABA6DD5}.Release|Any CPU.Build.0 = Release|Any CPU
	EndGlobalSection
	GlobalSection(SolutionProperties) = preSolution
		HideSolutionNode = FALSE
	EndGlobalSection
	GlobalSection(MonoDevelopProperties) = preSolution
		StartupItem = Assembly-CSharp.csproj
	EndGlobalSection
EndGlobal
